# This file was autogenerated by Stack.
# You should not edit this file by hand.
# For more information, please see the documentation at:
#   https://docs.haskellstack.org/en/stable/lock_files

packages:
- completed:
    commit: a5010b352febf68606612ddf8b8a3142eaad7db1
    git: https://github.com/dixonary/tasty-reporter-muffled
    name: tasty-reporter-muffled
    pantry-tree:
      sha256: b616f5ba2779012188fd189d187ea2b9405db99d13d531bf315e0eed73c7417b
      size: 540
    version: 0.1.0.0
  original:
    commit: a5010b352febf68606612ddf8b8a3142eaad7db1
    git: https://github.com/dixonary/tasty-reporter-muffled
- completed:
    hackage: gloss-juicy-0.2.3@sha256:0c3bca95237cbf91f8b3b1936a0661f1e0457acd80502276d54d6c5210f88b25,1618
    pantry-tree:
      sha256: 914c08509bc3da4707d90e542b44833ca1a62abc83c2848f87df3d7a7a1d7e03
      size: 273
  original:
    hackage: gloss-juicy-0.2.3
snapshots:
- completed:
    sha256: a81fb3877c4f9031e1325eb3935122e608d80715dc16b586eb11ddbff8671ecd
    size: 640086
    url: https://raw.githubusercontent.com/commercialhaskell/stackage-snapshots/master/lts/21/25.yaml
  original:
    url: https://raw.githubusercontent.com/commercialhaskell/stackage-snapshots/master/lts/21/25.yaml
